
Microsoft Visual Studio Solution File, Format Version 12.00
# Visual Studio 2012
Project("{FAE04EC0-301F-11D3-BF4B-00C04F79EFBC}") = "NGM.Wave", "NGM.Wave.csproj", "{0859907E-CC42-44E6-B232-E36C2E419493}"
EndProject
Project("{FAE04EC0-301F-11D3-BF4B-00C04F79EFBC}") = "NGM.Wave.AcceptanceTests", "NGM.Wave.AcceptanceTests\NGM.Wave.AcceptanceTests.csproj", "{7B089198-8732-4029-A3B6-6E952A3823CD}"
EndProject
Global
	GlobalSection(SolutionConfigurationPlatforms) = preSolution
		Debug|Any CPU = Debug|Any CPU
		Release|Any CPU = Release|Any CPU
	EndGlobalSection
	GlobalSection(ProjectConfigurationPlatforms) = postSolution
		{0859907E-CC42-44E6-B232-E36C2E419493}.Debug|Any CPU.ActiveCfg = Debug|Any CPU
		{0859907E-CC42-44E6-B232-E36C2E419493}.Debug|Any CPU.Build.0 = Debug|Any CPU
		{0859907E-CC42-44E6-B232-E36C2E419493}.Release|Any CPU.ActiveCfg = Release|Any CPU
		{0859907E-CC42-44E6-B232-E36C2E419493}.Release|Any CPU.Build.0 = Release|Any CPU
		{7B089198-8732-4029-A3B6-6E952A3823CD}.Debug|Any CPU.ActiveCfg = Debug|Any CPU
		{7B089198-8732-4029-A3B6-6E952A3823CD}.Debug|Any CPU.Build.0 = Debug|Any CPU
		{7B089198-8732-4029-A3B6-6E952A3823CD}.Release|Any CPU.ActiveCfg = Release|Any CPU
		{7B089198-8732-4029-A3B6-6E952A3823CD}.Release|Any CPU.Build.0 = Release|Any CPU
	EndGlobalSection
	GlobalSection(SolutionProperties) = preSolution
		HideSolutionNode = FALSE
	EndGlobalSection
EndGlobal
